
Microsoft Visual Studio Solution File, Format Version 12.00
# Visual Studio 15
VisualStudioVersion = 15.0.26206.0
MinimumVisualStudioVersion = 10.0.40219.1
Project("{FAE04EC0-301F-11D3-BF4B-00C04F79EFBC}") = "24to52Problems", "24to52Problems\24to52Problems.csproj", "{360F4E74-DB34-4982-8CE1-13A6F464DA7F}"
EndProject
Global
	GlobalSection(SolutionConfigurationPlatforms) = preSolution
		Debug|Any CPU = Debug|Any CPU
		Release|Any CPU = Release|Any CPU
	EndGlobalSection
	GlobalSection(ProjectConfigurationPlatforms) = postSolution
		{360F4E74-DB34-4982-8CE1-13A6F464DA7F}.Debug|Any CPU.ActiveCfg = Debug|Any CPU
		{360F4E74-DB34-4982-8CE1-13A6F464DA7F}.Debug|Any CPU.Build.0 = Debug|Any CPU
		{360F4E74-DB34-4982-8CE1-13A6F464DA7F}.Release|Any CPU.ActiveCfg = Release|Any CPU
		{360F4E74-DB34-4982-8CE1-13A6F464DA7F}.Release|Any CPU.Build.0 = Release|Any CPU
	EndGlobalSection
	GlobalSection(SolutionProperties) = preSolution
		HideSolutionNode = FALSE
	EndGlobalSection
EndGlobal
